
Microsoft Visual Studio Solution File, Format Version 12.00
# Visual Studio Version 16
VisualStudioVersion = 16.0.28803.352
MinimumVisualStudioVersion = 10.0.40219.1
Project("{8BC9CEB8-8B4A-11D0-8D11-00A0C91BC942}") = "LOL-CN-Anti-AntiCheat", "LOL-CN-Anti-AntiCheat\LOL-CN-Anti-AntiCheat.vcxproj", "{6F162D08-5A76-4205-A656-FD0884527BB1}"
EndProject
Global
	GlobalSection(SolutionConfigurationPlatforms) = preSolution
		Debug|x86 = Debug|x86
		Release|x86 = Release|x86
	EndGlobalSection
	GlobalSection(ProjectConfigurationPlatforms) = postSolution
		{6F162D08-5A76-4205-A656-FD0884527BB1}.Debug|x86.ActiveCfg = Debug|Win32
		{6F162D08-5A76-4205-A656-FD0884527BB1}.Debug|x86.Build.0 = Debug|Win32
		{6F162D08-5A76-4205-A656-FD0884527BB1}.Release|x86.ActiveCfg = Release|Win32
		{6F162D08-5A76-4205-A656-FD0884527BB1}.Release|x86.Build.0 = Release|Win32
	EndGlobalSection
	GlobalSection(SolutionProperties) = preSolution
		HideSolutionNode = FALSE
	EndGlobalSection
	GlobalSection(ExtensibilityGlobals) = postSolution
		SolutionGuid = {B64EC328-02B7-4E0A-9358-ABF156A53438}
	EndGlobalSection
EndGlobal
