<?xml version="1.0" encoding="utf-8"?>
<Project ToolsVersion="4.0" xmlns="http://schemas.microsoft.com/developer/msbuild/2003">
  <ItemGroup>
    <Filter Include="源文件">
      <UniqueIdentifier>{4FC737F1-C7A5-4376-A066-2A32D752A2FF}</UniqueIdentifier>
      <Extensions>cpp;c;cc;cxx;def;odl;idl;hpj;bat;asm;asmx</Extensions>
    </Filter>
    <Filter Include="头文件">
      <UniqueIdentifier>{93995380-89BD-4b04-88EB-625FBE52EBFB}</UniqueIdentifier>
      <Extensions>h;hh;hpp;hxx;hm;inl;inc;ipp;xsd</Extensions>
    </Filter>
    <Filter Include="资源文件">
      <UniqueIdentifier>{67DA6AB6-F800-4c08-8B7A-83BB121AAD01}</UniqueIdentifier>
      <Extensions>rc;ico;cur;bmp;dlg;rc2;rct;bin;rgs;gif;jpg;jpeg;jpe;resx;tiff;tif;png;wav;mfcribbon-ms</Extensions>
    </Filter>
    <Filter Include="BaseLib">
      <UniqueIdentifier>{4d1b8499-c178-4b99-b217-874a9147d33e}</UniqueIdentifier>
    </Filter>
    <Filter Include="BaseLib\bee">
      <UniqueIdentifier>{65902621-4d70-485c-8f2a-de5606d0dbc0}</UniqueIdentifier>
    </Filter>
    <Filter Include="BaseLib\bee\error">
      <UniqueIdentifier>{77dfa96c-5f25-42e7-8494-bf4174e18a26}</UniqueIdentifier>
    </Filter>
    <Filter Include="BaseLib\bee\fsevent">
      <UniqueIdentifier>{c78dd24c-39f5-4b1b-bd6e-815b179ab07f}</UniqueIdentifier>
    </Filter>
    <Filter Include="BaseLib\bee\lua">
      <UniqueIdentifier>{5d5f3db7-45d6-4b34-92ca-75a75e126802}</UniqueIdentifier>
    </Filter>
    <Filter Include="BaseLib\bee\net">
      <UniqueIdentifier>{eb4c6ce1-290a-41b8-98b3-3ad0232216f5}</UniqueIdentifier>
    </Filter>
    <Filter Include="BaseLib\bee\nonstd">
      <UniqueIdentifier>{05b96345-1999-4352-992b-72961157df0f}</UniqueIdentifier>
    </Filter>
    <Filter Include="BaseLib\bee\platform">
      <UniqueIdentifier>{01d04d92-85ff-4ecc-97ab-d68618fb80f8}</UniqueIdentifier>
    </Filter>
    <Filter Include="BaseLib\bee\registry">
      <UniqueIdentifier>{f6a0783a-cd3b-4a71-b970-e7a5b4caaf6c}</UniqueIdentifier>
    </Filter>
    <Filter Include="BaseLib\bee\subprocess">
      <UniqueIdentifier>{bb41f82e-c6fa-4770-8852-af725b4b7ba3}</UniqueIdentifier>
    </Filter>
    <Filter Include="BaseLib\bee\utility">
      <UniqueIdentifier>{93ab7549-10cf-4f6c-aa9f-b4de78fdf419}</UniqueIdentifier>
    </Filter>
    <Filter Include="utility">
      <UniqueIdentifier>{7a60ecfa-3fa3-4034-ac85-4d380b8932d1}</UniqueIdentifier>
    </Filter>
    <Filter Include="BaseLib\asmjit">
      <UniqueIdentifier>{17edb236-30ec-4a22-ac1f-2d38f275d9a5}</UniqueIdentifier>
    </Filter>
    <Filter Include="BaseLib\asmjit\arm">
      <UniqueIdentifier>{d606e816-301c-4e46-bf9e-203622e4c062}</UniqueIdentifier>
    </Filter>
    <Filter Include="BaseLib\asmjit\core">
      <UniqueIdentifier>{9322ead7-a17e-4a80-9544-264cbd6d146d}</UniqueIdentifier>
    </Filter>
    <Filter Include="BaseLib\asmjit\x86">
      <UniqueIdentifier>{d7404cf6-9398-481b-afe1-0cea3b6e5c3c}</UniqueIdentifier>
    </Filter>
    <Filter Include="ThirdParty">
      <UniqueIdentifier>{34e55b77-35c7-429e-8699-5042a45e9ff8}</UniqueIdentifier>
    </Filter>
    <Filter Include="ThirdParty\BlackBone">
      <UniqueIdentifier>{870c180c-88ac-44f0-8c37-ea29db85d340}</UniqueIdentifier>
    </Filter>
  </ItemGroup>
  <ItemGroup>
    <ClInclude Include="framework.h">
      <Filter>头文件</Filter>
    </ClInclude>
    <ClInclude Include="dll_module.h">
      <Filter>头文件</Filter>
    </ClInclude>
    <ClInclude Include="ntdll.h">
      <Filter>BaseLib</Filter>
    </ClInclude>
    <ClInclude Include="LOLClient.h">
      <Filter>头文件</Filter>
    </ClInclude>
    <ClInclude Include="AntiCheatBypass.h">
      <Filter>头文件</Filter>
    </ClInclude>
    <ClInclude Include="OffestManager.h">
      <Filter>头文件</Filter>
    </ClInclude>
    <ClInclude Include="..\OpenSource\bee\config.h">
      <Filter>BaseLib\bee</Filter>
    </ClInclude>
    <ClInclude Include="..\OpenSource\bee\error.h">
      <Filter>BaseLib\bee</Filter>
    </ClInclude>
    <ClInclude Include="..\OpenSource\bee\filesystem.h">
      <Filter>BaseLib\bee</Filter>
    </ClInclude>
    <ClInclude Include="..\OpenSource\bee\fsevent.h">
      <Filter>BaseLib\bee</Filter>
    </ClInclude>
    <ClInclude Include="..\OpenSource\bee\platform.h">
      <Filter>BaseLib\bee</Filter>
    </ClInclude>
    <ClInclude Include="..\OpenSource\bee\subprocess.h">
      <Filter>BaseLib\bee</Filter>
    </ClInclude>
    <ClInclude Include="..\OpenSource\bee\error\category_win.h">
      <Filter>BaseLib\bee\error</Filter>
    </ClInclude>
    <ClInclude Include="..\OpenSource\bee\error\exception.h">
      <Filter>BaseLib\bee\error</Filter>
    </ClInclude>
    <ClInclude Include="..\OpenSource\bee\fsevent\fsevent_linux.h">
      <Filter>BaseLib\bee\fsevent</Filter>
    </ClInclude>
    <ClInclude Include="..\OpenSource\bee\fsevent\fsevent_osx.h">
      <Filter>BaseLib\bee\fsevent</Filter>
    </ClInclude>
    <ClInclude Include="..\OpenSource\bee\fsevent\fsevent_win.h">
      <Filter>BaseLib\bee\fsevent</Filter>
    </ClInclude>
    <ClInclude Include="..\OpenSource\bee\lua\binding.h">
      <Filter>BaseLib\bee\lua</Filter>
    </ClInclude>
    <ClInclude Include="..\OpenSource\bee\lua\file.h">
      <Filter>BaseLib\bee\lua</Filter>
    </ClInclude>
    <ClInclude Include="..\OpenSource\bee\lua\path.h">
      <Filter>BaseLib\bee\lua</Filter>
    </ClInclude>
    <ClInclude Include="..\OpenSource\bee\lua\range.h">
      <Filter>BaseLib\bee\lua</Filter>
    </ClInclude>
    <ClInclude Include="..\OpenSource\bee\net\endpoint.h">
      <Filter>BaseLib\bee\net</Filter>
    </ClInclude>
    <ClInclude Include="..\OpenSource\bee\net\socket.h">
      <Filter>BaseLib\bee\net</Filter>
    </ClInclude>
    <ClInclude Include="..\OpenSource\bee\net\unixsocket_win.h">
      <Filter>BaseLib\bee\net</Filter>
    </ClInclude>
    <ClInclude Include="..\OpenSource\bee\subprocess\args_helper.h">
      <Filter>BaseLib\bee\subprocess</Filter>
    </ClInclude>
    <ClInclude Include="..\OpenSource\bee\subprocess\sharedmemory_win.h">
      <Filter>BaseLib\bee\subprocess</Filter>
    </ClInclude>
    <ClInclude Include="..\OpenSource\bee\subprocess\subprocess_posix.h">
      <Filter>BaseLib\bee\subprocess</Filter>
    </ClInclude>
    <ClInclude Include="..\OpenSource\bee\subprocess\subprocess_win.h">
      <Filter>BaseLib\bee\subprocess</Filter>
    </ClInclude>
    <ClInclude Include="..\OpenSource\bee\registry\exception.h">
      <Filter>BaseLib\bee\registry</Filter>
    </ClInclude>
    <ClInclude Include="..\OpenSource\bee\registry\key.h">
      <Filter>BaseLib\bee\registry</Filter>
    </ClInclude>
    <ClInclude Include="..\OpenSource\bee\registry\predefined_keys.h">
      <Filter>BaseLib\bee\registry</Filter>
    </ClInclude>
    <ClInclude Include="..\OpenSource\bee\registry\traits.h">
      <Filter>BaseLib\bee\registry</Filter>
    </ClInclude>
    <ClInclude Include="..\OpenSource\bee\registry\value.h">
      <Filter>BaseLib\bee\registry</Filter>
    </ClInclude>
    <ClInclude Include="..\OpenSource\bee\platform\version.h">
      <Filter>BaseLib\bee\platform</Filter>
    </ClInclude>
    <ClInclude Include="..\OpenSource\bee\nonstd\dynarray.h">
      <Filter>BaseLib\bee\nonstd</Filter>
    </ClInclude>
    <ClInclude Include="..\OpenSource\bee\nonstd\expected.h">
      <Filter>BaseLib\bee\nonstd</Filter>
    </ClInclude>
    <ClInclude Include="..\OpenSource\bee\nonstd\filesystem.h">
      <Filter>BaseLib\bee\nonstd</Filter>
    </ClInclude>
    <ClInclude Include="..\OpenSource\bee\nonstd\span.h">
      <Filter>BaseLib\bee\nonstd</Filter>
    </ClInclude>
    <ClInclude Include="..\OpenSource\bee\utility\file_helper.h">
      <Filter>BaseLib\bee\utility</Filter>
    </ClInclude>
    <ClInclude Include="..\OpenSource\bee\utility\format.h">
      <Filter>BaseLib\bee\utility</Filter>
    </ClInclude>
    <ClInclude Include="..\OpenSource\bee\utility\hybrid_array.h">
      <Filter>BaseLib\bee\utility</Filter>
    </ClInclude>
    <ClInclude Include="..\OpenSource\bee\utility\lockqueue.h">
      <Filter>BaseLib\bee\utility</Filter>
    </ClInclude>
    <ClInclude Include="..\OpenSource\bee\utility\module_version_win.h">
      <Filter>BaseLib\bee\utility</Filter>
    </ClInclude>
    <ClInclude Include="..\OpenSource\bee\utility\path_helper.h">
      <Filter>BaseLib\bee\utility</Filter>
    </ClInclude>
    <ClInclude Include="..\OpenSource\bee\utility\semaphore.h">
      <Filter>BaseLib\bee\utility</Filter>
    </ClInclude>
    <ClInclude Include="..\OpenSource\bee\utility\unicode_win.h">
      <Filter>BaseLib\bee\utility</Filter>
    </ClInclude>
    <ClInclude Include="utility\noncopyable.h">
      <Filter>utility</Filter>
    </ClInclude>
    <ClInclude Include="utility\singleton.h">
      <Filter>utility</Filter>
    </ClInclude>
    <ClInclude Include="asmjit\arm.h">
      <Filter>BaseLib\asmjit</Filter>
    </ClInclude>
    <ClInclude Include="asmjit\asmjit.h">
      <Filter>BaseLib\asmjit</Filter>
    </ClInclude>
    <ClInclude Include="asmjit\core.h">
      <Filter>BaseLib\asmjit</Filter>
    </ClInclude>
    <ClInclude Include="asmjit\x86.h">
      <Filter>BaseLib\asmjit</Filter>
    </ClInclude>
    <ClInclude Include="asmjit\arm\armassembler.h">
      <Filter>BaseLib\asmjit\arm</Filter>
    </ClInclude>
    <ClInclude Include="asmjit\arm\armbuilder.h">
      <Filter>BaseLib\asmjit\arm</Filter>
    </ClInclude>
    <ClInclude Include="asmjit\arm\armcallconv_p.h">
      <Filter>BaseLib\asmjit\arm</Filter>
    </ClInclude>
    <ClInclude Include="asmjit\arm\armcompiler.h">
      <Filter>BaseLib\asmjit\arm</Filter>
    </ClInclude>
    <ClInclude Include="asmjit\arm\armemitter.h">
      <Filter>BaseLib\asmjit\arm</Filter>
    </ClInclude>
    <ClInclude Include="asmjit\arm\armfeatures.h">
      <Filter>BaseLib\asmjit\arm</Filter>
    </ClInclude>
    <ClInclude Include="asmjit\arm\armglobals.h">
      <Filter>BaseLib\asmjit\arm</Filter>
    </ClInclude>
    <ClInclude Include="asmjit\arm\arminstdb.h">
      <Filter>BaseLib\asmjit\arm</Filter>
    </ClInclude>
    <ClInclude Include="asmjit\arm\arminternal_p.h">
      <Filter>BaseLib\asmjit\arm</Filter>
    </ClInclude>
    <ClInclude Include="asmjit\arm\armlogging_p.h">
      <Filter>BaseLib\asmjit\arm</Filter>
    </ClInclude>
    <ClInclude Include="asmjit\arm\armoperand.h">
      <Filter>BaseLib\asmjit\arm</Filter>
    </ClInclude>
    <ClInclude Include="asmjit\arm\armrapass_p.h">
      <Filter>BaseLib\asmjit\arm</Filter>
    </ClInclude>
    <ClInclude Include="asmjit\core\arch.h">
      <Filter>BaseLib\asmjit\core</Filter>
    </ClInclude>
    <ClInclude Include="asmjit\core\assembler.h">
      <Filter>BaseLib\asmjit\core</Filter>
    </ClInclude>
    <ClInclude Include="asmjit\core\build.h">
      <Filter>BaseLib\asmjit\core</Filter>
    </ClInclude>
    <ClInclude Include="asmjit\core\builder.h">
      <Filter>BaseLib\asmjit\core</Filter>
    </ClInclude>
    <ClInclude Include="asmjit\core\callconv.h">
      <Filter>BaseLib\asmjit\core</Filter>
    </ClInclude>
    <ClInclude Include="asmjit\core\codebufferwriter_p.h">
      <Filter>BaseLib\asmjit\core</Filter>
    </ClInclude>
    <ClInclude Include="asmjit\core\codeholder.h">
      <Filter>BaseLib\asmjit\core</Filter>
    </ClInclude>
    <ClInclude Include="asmjit\core\compiler.h">
      <Filter>BaseLib\asmjit\core</Filter>
    </ClInclude>
    <ClInclude Include="asmjit\core\constpool.h">
      <Filter>BaseLib\asmjit\core</Filter>
    </ClInclude>
    <ClInclude Include="asmjit\core\cpuinfo.h">
      <Filter>BaseLib\asmjit\core</Filter>
    </ClInclude>
    <ClInclude Include="asmjit\core\datatypes.h">
      <Filter>BaseLib\asmjit\core</Filter>
    </ClInclude>
    <ClInclude Include="asmjit\core\emitter.h">
      <Filter>BaseLib\asmjit\core</Filter>
    </ClInclude>
    <ClInclude Include="asmjit\core\features.h">
      <Filter>BaseLib\asmjit\core</Filter>
    </ClInclude>
    <ClInclude Include="asmjit\core\func.h">
      <Filter>BaseLib\asmjit\core</Filter>
    </ClInclude>
    <ClInclude Include="asmjit\core\globals.h">
      <Filter>BaseLib\asmjit\core</Filter>
    </ClInclude>
    <ClInclude Include="asmjit\core\inst.h">
      <Filter>BaseLib\asmjit\core</Filter>
    </ClInclude>
    <ClInclude Include="asmjit\core\jitallocator.h">
      <Filter>BaseLib\asmjit\core</Filter>
    </ClInclude>
    <ClInclude Include="asmjit\core\jitruntime.h">
      <Filter>BaseLib\asmjit\core</Filter>
    </ClInclude>
    <ClInclude Include="asmjit\core\logging.h">
      <Filter>BaseLib\asmjit\core</Filter>
    </ClInclude>
    <ClInclude Include="asmjit\core\misc_p.h">
      <Filter>BaseLib\asmjit\core</Filter>
    </ClInclude>
    <ClInclude Include="asmjit\core\operand.h">
      <Filter>BaseLib\asmjit\core</Filter>
    </ClInclude>
    <ClInclude Include="asmjit\core\osutils.h">
      <Filter>BaseLib\asmjit\core</Filter>
    </ClInclude>
    <ClInclude Include="asmjit\core\raassignment_p.h">
      <Filter>BaseLib\asmjit\core</Filter>
    </ClInclude>
    <ClInclude Include="asmjit\core\rabuilders_p.h">
      <Filter>BaseLib\asmjit\core</Filter>
    </ClInclude>
    <ClInclude Include="asmjit\core\radefs_p.h">
      <Filter>BaseLib\asmjit\core</Filter>
    </ClInclude>
    <ClInclude Include="asmjit\core\ralocal_p.h">
      <Filter>BaseLib\asmjit\core</Filter>
    </ClInclude>
    <ClInclude Include="asmjit\core\rapass_p.h">
      <Filter>BaseLib\asmjit\core</Filter>
    </ClInclude>
    <ClInclude Include="asmjit\core\rastack_p.h">
      <Filter>BaseLib\asmjit\core</Filter>
    </ClInclude>
    <ClInclude Include="asmjit\core\string.h">
      <Filter>BaseLib\asmjit\core</Filter>
    </ClInclude>
    <ClInclude Include="asmjit\core\support.h">
      <Filter>BaseLib\asmjit\core</Filter>
    </ClInclude>
    <ClInclude Include="asmjit\core\target.h">
      <Filter>BaseLib\asmjit\core</Filter>
    </ClInclude>
    <ClInclude Include="asmjit\core\type.h">
      <Filter>BaseLib\asmjit\core</Filter>
    </ClInclude>
    <ClInclude Include="asmjit\core\virtmem.h">
      <Filter>BaseLib\asmjit\core</Filter>
    </ClInclude>
    <ClInclude Include="asmjit\core\zone.h">
      <Filter>BaseLib\asmjit\core</Filter>
    </ClInclude>
    <ClInclude Include="asmjit\core\zonehash.h">
      <Filter>BaseLib\asmjit\core</Filter>
    </ClInclude>
    <ClInclude Include="asmjit\core\zonelist.h">
      <Filter>BaseLib\asmjit\core</Filter>
    </ClInclude>
    <ClInclude Include="asmjit\core\zonestack.h">
      <Filter>BaseLib\asmjit\core</Filter>
    </ClInclude>
    <ClInclude Include="asmjit\core\zonestring.h">
      <Filter>BaseLib\asmjit\core</Filter>
    </ClInclude>
    <ClInclude Include="asmjit\core\zonetree.h">
      <Filter>BaseLib\asmjit\core</Filter>
    </ClInclude>
    <ClInclude Include="asmjit\core\zonevector.h">
      <Filter>BaseLib\asmjit\core</Filter>
    </ClInclude>
    <ClInclude Include="asmjit\x86\x86assembler.h">
      <Filter>BaseLib\asmjit\x86</Filter>
    </ClInclude>
    <ClInclude Include="asmjit\x86\x86builder.h">
      <Filter>BaseLib\asmjit\x86</Filter>
    </ClInclude>
    <ClInclude Include="asmjit\x86\x86callconv_p.h">
      <Filter>BaseLib\asmjit\x86</Filter>
    </ClInclude>
    <ClInclude Include="asmjit\x86\x86compiler.h">
      <Filter>BaseLib\asmjit\x86</Filter>
    </ClInclude>
    <ClInclude Include="asmjit\x86\x86emitter.h">
      <Filter>BaseLib\asmjit\x86</Filter>
    </ClInclude>
    <ClInclude Include="asmjit\x86\x86features.h">
      <Filter>BaseLib\asmjit\x86</Filter>
    </ClInclude>
    <ClInclude Include="asmjit\x86\x86globals.h">
      <Filter>BaseLib\asmjit\x86</Filter>
    </ClInclude>
    <ClInclude Include="asmjit\x86\x86instdb.h">
      <Filter>BaseLib\asmjit\x86</Filter>
    </ClInclude>
    <ClInclude Include="asmjit\x86\x86instdb_p.h">
      <Filter>BaseLib\asmjit\x86</Filter>
    </ClInclude>
    <ClInclude Include="asmjit\x86\x86internal_p.h">
      <Filter>BaseLib\asmjit\x86</Filter>
    </ClInclude>
    <ClInclude Include="asmjit\x86\x86logging_p.h">
      <Filter>BaseLib\asmjit\x86</Filter>
    </ClInclude>
    <ClInclude Include="asmjit\x86\x86opcode_p.h">
      <Filter>BaseLib\asmjit\x86</Filter>
    </ClInclude>
    <ClInclude Include="asmjit\x86\x86operand.h">
      <Filter>BaseLib\asmjit\x86</Filter>
    </ClInclude>
    <ClInclude Include="asmjit\x86\x86rapass_p.h">
      <Filter>BaseLib\asmjit\x86</Filter>
    </ClInclude>
    <ClInclude Include="asmjit\x86\x86ssetoavx_p.h">
      <Filter>BaseLib\asmjit\x86</Filter>
    </ClInclude>
  </ItemGroup>
  <ItemGroup>
    <ClCompile Include="dllmain.cpp">
      <Filter>源文件</Filter>
    </ClCompile>
    <ClCompile Include="dll_module.cpp">
      <Filter>源文件</Filter>
    </ClCompile>
    <ClCompile Include="LOLClient.cpp">
      <Filter>源文件</Filter>
    </ClCompile>
    <ClCompile Include="AntiCheatBypass.cpp">
      <Filter>源文件</Filter>
    </ClCompile>
    <ClCompile Include="OffestManager.cpp">
      <Filter>源文件</Filter>
    </ClCompile>
    <ClCompile Include="..\OpenSource\bee\error.cpp">
      <Filter>BaseLib\bee</Filter>
    </ClCompile>
    <ClCompile Include="..\OpenSource\bee\error\category_win.cpp">
      <Filter>BaseLib\bee\error</Filter>
    </ClCompile>
    <ClCompile Include="..\OpenSource\bee\error\exception.cpp">
      <Filter>BaseLib\bee\error</Filter>
    </ClCompile>
    <ClCompile Include="..\OpenSource\bee\fsevent\fsevent_linux.cpp">
      <Filter>BaseLib\bee\fsevent</Filter>
    </ClCompile>
    <ClCompile Include="..\OpenSource\bee\fsevent\fsevent_osx.cpp">
      <Filter>BaseLib\bee\fsevent</Filter>
    </ClCompile>
    <ClCompile Include="..\OpenSource\bee\fsevent\fsevent_win.cpp">
      <Filter>BaseLib\bee\fsevent</Filter>
    </ClCompile>
    <ClCompile Include="..\OpenSource\bee\net\endpoint.cpp">
      <Filter>BaseLib\bee\net</Filter>
    </ClCompile>
    <ClCompile Include="..\OpenSource\bee\net\socket.cpp">
      <Filter>BaseLib\bee\net</Filter>
    </ClCompile>
    <ClCompile Include="..\OpenSource\bee\net\unixsocket_win.cpp">
      <Filter>BaseLib\bee\net</Filter>
    </ClCompile>
    <ClCompile Include="..\OpenSource\bee\subprocess\sharedmemory_win.cpp">
      <Filter>BaseLib\bee\subprocess</Filter>
    </ClCompile>
    <ClCompile Include="..\OpenSource\bee\subprocess\subprocess_posix.cpp">
      <Filter>BaseLib\bee\subprocess</Filter>
    </ClCompile>
    <ClCompile Include="..\OpenSource\bee\subprocess\subprocess_win.cpp">
      <Filter>BaseLib\bee\subprocess</Filter>
    </ClCompile>
    <ClCompile Include="..\OpenSource\bee\platform\version_win.cpp">
      <Filter>BaseLib\bee\platform</Filter>
    </ClCompile>
    <ClCompile Include="..\OpenSource\bee\utility\file_helper.cpp">
      <Filter>BaseLib\bee\utility</Filter>
    </ClCompile>
    <ClCompile Include="..\OpenSource\bee\utility\module_version_win.cpp">
      <Filter>BaseLib\bee\utility</Filter>
    </ClCompile>
    <ClCompile Include="..\OpenSource\bee\utility\path_helper.cpp">
      <Filter>BaseLib\bee\utility</Filter>
    </ClCompile>
    <ClCompile Include="..\OpenSource\bee\utility\unicode_win.cpp">
      <Filter>BaseLib\bee\utility</Filter>
    </ClCompile>
    <ClCompile Include="asmjit\arm\armassembler.cpp">
      <Filter>BaseLib\asmjit\arm</Filter>
    </ClCompile>
    <ClCompile Include="asmjit\arm\armbuilder.cpp">
      <Filter>BaseLib\asmjit\arm</Filter>
    </ClCompile>
    <ClCompile Include="asmjit\arm\armcallconv.cpp">
      <Filter>BaseLib\asmjit\arm</Filter>
    </ClCompile>
    <ClCompile Include="asmjit\arm\armcompiler.cpp">
      <Filter>BaseLib\asmjit\arm</Filter>
    </ClCompile>
    <ClCompile Include="asmjit\arm\armfeatures.cpp">
      <Filter>BaseLib\asmjit\arm</Filter>
    </ClCompile>
    <ClCompile Include="asmjit\arm\arminstdb.cpp">
      <Filter>BaseLib\asmjit\arm</Filter>
    </ClCompile>
    <ClCompile Include="asmjit\arm\arminternal.cpp">
      <Filter>BaseLib\asmjit\arm</Filter>
    </ClCompile>
    <ClCompile Include="asmjit\arm\armlogging.cpp">
      <Filter>BaseLib\asmjit\arm</Filter>
    </ClCompile>
    <ClCompile Include="asmjit\arm\armoperand.cpp">
      <Filter>BaseLib\asmjit\arm</Filter>
    </ClCompile>
    <ClCompile Include="asmjit\arm\armrapass.cpp">
      <Filter>BaseLib\asmjit\arm</Filter>
    </ClCompile>
    <ClCompile Include="asmjit\core\arch.cpp">
      <Filter>BaseLib\asmjit\core</Filter>
    </ClCompile>
    <ClCompile Include="asmjit\core\assembler.cpp">
      <Filter>BaseLib\asmjit\core</Filter>
    </ClCompile>
    <ClCompile Include="asmjit\core\builder.cpp">
      <Filter>BaseLib\asmjit\core</Filter>
    </ClCompile>
    <ClCompile Include="asmjit\core\callconv.cpp">
      <Filter>BaseLib\asmjit\core</Filter>
    </ClCompile>
    <ClCompile Include="asmjit\core\codeholder.cpp">
      <Filter>BaseLib\asmjit\core</Filter>
    </ClCompile>
    <ClCompile Include="asmjit\core\compiler.cpp">
      <Filter>BaseLib\asmjit\core</Filter>
    </ClCompile>
    <ClCompile Include="asmjit\core\constpool.cpp">
      <Filter>BaseLib\asmjit\core</Filter>
    </ClCompile>
    <ClCompile Include="asmjit\core\cpuinfo.cpp">
      <Filter>BaseLib\asmjit\core</Filter>
    </ClCompile>
    <ClCompile Include="asmjit\core\emitter.cpp">
      <Filter>BaseLib\asmjit\core</Filter>
    </ClCompile>
    <ClCompile Include="asmjit\core\func.cpp">
      <Filter>BaseLib\asmjit\core</Filter>
    </ClCompile>
    <ClCompile Include="asmjit\core\globals.cpp">
      <Filter>BaseLib\asmjit\core</Filter>
    </ClCompile>
    <ClCompile Include="asmjit\core\inst.cpp">
      <Filter>BaseLib\asmjit\core</Filter>
    </ClCompile>
    <ClCompile Include="asmjit\core\jitallocator.cpp">
      <Filter>BaseLib\asmjit\core</Filter>
    </ClCompile>
    <ClCompile Include="asmjit\core\jitruntime.cpp">
      <Filter>BaseLib\asmjit\core</Filter>
    </ClCompile>
    <ClCompile Include="asmjit\core\logging.cpp">
      <Filter>BaseLib\asmjit\core</Filter>
    </ClCompile>
    <ClCompile Include="asmjit\core\operand.cpp">
      <Filter>BaseLib\asmjit\core</Filter>
    </ClCompile>
    <ClCompile Include="asmjit\core\osutils.cpp">
      <Filter>BaseLib\asmjit\core</Filter>
    </ClCompile>
    <ClCompile Include="asmjit\core\ralocal.cpp">
      <Filter>BaseLib\asmjit\core</Filter>
    </ClCompile>
    <ClCompile Include="asmjit\core\rapass.cpp">
      <Filter>BaseLib\asmjit\core</Filter>
    </ClCompile>
    <ClCompile Include="asmjit\core\rastack.cpp">
      <Filter>BaseLib\asmjit\core</Filter>
    </ClCompile>
    <ClCompile Include="asmjit\core\string.cpp">
      <Filter>BaseLib\asmjit\core</Filter>
    </ClCompile>
    <ClCompile Include="asmjit\core\support.cpp">
      <Filter>BaseLib\asmjit\core</Filter>
    </ClCompile>
    <ClCompile Include="asmjit\core\target.cpp">
      <Filter>BaseLib\asmjit\core</Filter>
    </ClCompile>
    <ClCompile Include="asmjit\core\type.cpp">
      <Filter>BaseLib\asmjit\core</Filter>
    </ClCompile>
    <ClCompile Include="asmjit\core\virtmem.cpp">
      <Filter>BaseLib\asmjit\core</Filter>
    </ClCompile>
    <ClCompile Include="asmjit\core\zone.cpp">
      <Filter>BaseLib\asmjit\core</Filter>
    </ClCompile>
    <ClCompile Include="asmjit\core\zonehash.cpp">
      <Filter>BaseLib\asmjit\core</Filter>
    </ClCompile>
    <ClCompile Include="asmjit\core\zonelist.cpp">
      <Filter>BaseLib\asmjit\core</Filter>
    </ClCompile>
    <ClCompile Include="asmjit\core\zonestack.cpp">
      <Filter>BaseLib\asmjit\core</Filter>
    </ClCompile>
    <ClCompile Include="asmjit\core\zonetree.cpp">
      <Filter>BaseLib\asmjit\core</Filter>
    </ClCompile>
    <ClCompile Include="asmjit\core\zonevector.cpp">
      <Filter>BaseLib\asmjit\core</Filter>
    </ClCompile>
    <ClCompile Include="asmjit\x86\x86assembler.cpp">
      <Filter>BaseLib\asmjit\x86</Filter>
    </ClCompile>
    <ClCompile Include="asmjit\x86\x86builder.cpp">
      <Filter>BaseLib\asmjit\x86</Filter>
    </ClCompile>
    <ClCompile Include="asmjit\x86\x86callconv.cpp">
      <Filter>BaseLib\asmjit\x86</Filter>
    </ClCompile>
    <ClCompile Include="asmjit\x86\x86compiler.cpp">
      <Filter>BaseLib\asmjit\x86</Filter>
    </ClCompile>
    <ClCompile Include="asmjit\x86\x86features.cpp">
      <Filter>BaseLib\asmjit\x86</Filter>
    </ClCompile>
    <ClCompile Include="asmjit\x86\x86instdb.cpp">
      <Filter>BaseLib\asmjit\x86</Filter>
    </ClCompile>
    <ClCompile Include="asmjit\x86\x86internal.cpp">
      <Filter>BaseLib\asmjit\x86</Filter>
    </ClCompile>
    <ClCompile Include="asmjit\x86\x86logging.cpp">
      <Filter>BaseLib\asmjit\x86</Filter>
    </ClCompile>
    <ClCompile Include="asmjit\x86\x86operand.cpp">
      <Filter>BaseLib\asmjit\x86</Filter>
    </ClCompile>
    <ClCompile Include="asmjit\x86\x86rapass.cpp">
      <Filter>BaseLib\asmjit\x86</Filter>
    </ClCompile>
    <ClCompile Include="asmjit\x86\x86ssetoavx.cpp">
      <Filter>BaseLib\asmjit\x86</Filter>
    </ClCompile>
  </ItemGroup>
</Project>